
Microsoft Visual Studio Solution File, Format Version 12.00
# Visual Studio 2012
Project("{FAE04EC0-301F-11D3-BF4B-00C04F79EFBC}") = "Cocktail UK OLD", "Cocktail UK OLD.csproj", "{44FAC44E-4EAC-4A4C-AD20-EEB1418240DF}"
EndProject
Global
	GlobalSection(SolutionConfigurationPlatforms) = preSolution
		Debug|Any CPU = Debug|Any CPU
		Release|Any CPU = Release|Any CPU
	EndGlobalSection
	GlobalSection(ProjectConfigurationPlatforms) = postSolution
		{44FAC44E-4EAC-4A4C-AD20-EEB1418240DF}.Debug|Any CPU.ActiveCfg = Debug|Any CPU
		{44FAC44E-4EAC-4A4C-AD20-EEB1418240DF}.Debug|Any CPU.Build.0 = Debug|Any CPU
		{44FAC44E-4EAC-4A4C-AD20-EEB1418240DF}.Release|Any CPU.ActiveCfg = Release|Any CPU
		{44FAC44E-4EAC-4A4C-AD20-EEB1418240DF}.Release|Any CPU.Build.0 = Release|Any CPU
	EndGlobalSection
	GlobalSection(SolutionProperties) = preSolution
		HideSolutionNode = FALSE
	EndGlobalSection
EndGlobal
